
Microsoft Visual Studio Solution File, Format Version 11.00
# Visual Studio 2010
Project("{FAE04EC0-301F-11D3-BF4B-00C04F79EFBC}") = "Assembly-CSharp", "Assembly-CSharp.csproj", "{5F4E91D8-54E0-B610-5164-8C3144CFF3CD}"
EndProject
Project("{FAE04EC0-301F-11D3-BF4B-00C04F79EFBC}") = "Assembly-CSharp-Editor", "Assembly-CSharp-Editor.csproj", "{ACD40EDB-1979-0224-6D97-55FA93327F46}"
EndProject
Global
	GlobalSection(SolutionConfigurationPlatforms) = preSolution
		Debug|Any CPU = Debug|Any CPU
		Release|Any CPU = Release|Any CPU
	EndGlobalSection
	GlobalSection(ProjectConfigurationPlatforms) = postSolution
		{5F4E91D8-54E0-B610-5164-8C3144CFF3CD}.Debug|Any CPU.ActiveCfg = Debug|Any CPU
		{5F4E91D8-54E0-B610-5164-8C3144CFF3CD}.Debug|Any CPU.Build.0 = Debug|Any CPU
		{5F4E91D8-54E0-B610-5164-8C3144CFF3CD}.Release|Any CPU.ActiveCfg = Release|Any CPU
		{5F4E91D8-54E0-B610-5164-8C3144CFF3CD}.Release|Any CPU.Build.0 = Release|Any CPU
		{ACD40EDB-1979-0224-6D97-55FA93327F46}.Debug|Any CPU.ActiveCfg = Debug|Any CPU
		{ACD40EDB-1979-0224-6D97-55FA93327F46}.Debug|Any CPU.Build.0 = Debug|Any CPU
		{ACD40EDB-1979-0224-6D97-55FA93327F46}.Release|Any CPU.ActiveCfg = Release|Any CPU
		{ACD40EDB-1979-0224-6D97-55FA93327F46}.Release|Any CPU.Build.0 = Release|Any CPU
	EndGlobalSection
	GlobalSection(SolutionProperties) = preSolution
		HideSolutionNode = FALSE
	EndGlobalSection
	GlobalSection(MonoDevelopProperties) = preSolution
		StartupItem = Assembly-CSharp.csproj
	EndGlobalSection
EndGlobal
